
Microsoft Visual Studio Solution File, Format Version 12.00
# Visual Studio Version 16
VisualStudioVersion = 16.0.31205.134
MinimumVisualStudioVersion = 10.0.40219.1
Project("{FAE04EC0-301F-11D3-BF4B-00C04F79EFBC}") = "Voice Recognition 002", "Voice Recognition 002\Voice Recognition 002.csproj", "{264EF793-EF55-493B-BFD8-C2D397549978}"
EndProject
Global
	GlobalSection(SolutionConfigurationPlatforms) = preSolution
		Debug|Any CPU = Debug|Any CPU
		Release|Any CPU = Release|Any CPU
	EndGlobalSection
	GlobalSection(ProjectConfigurationPlatforms) = postSolution
		{264EF793-EF55-493B-BFD8-C2D397549978}.Debug|Any CPU.ActiveCfg = Debug|Any CPU
		{264EF793-EF55-493B-BFD8-C2D397549978}.Debug|Any CPU.Build.0 = Debug|Any CPU
		{264EF793-EF55-493B-BFD8-C2D397549978}.Release|Any CPU.ActiveCfg = Release|Any CPU
		{264EF793-EF55-493B-BFD8-C2D397549978}.Release|Any CPU.Build.0 = Release|Any CPU
	EndGlobalSection
	GlobalSection(SolutionProperties) = preSolution
		HideSolutionNode = FALSE
	EndGlobalSection
	GlobalSection(ExtensibilityGlobals) = postSolution
		SolutionGuid = {A66955F8-8FA7-499F-B84A-2642084A8414}
	EndGlobalSection
EndGlobal
